
Microsoft Visual Studio Solution File, Format Version 12.00
# Visual Studio Version 17
VisualStudioVersion = 17.14.36109.1 d17.14
MinimumVisualStudioVersion = 10.0.40219.1
Project("{FAE04EC0-301F-11D3-BF4B-00C04F79EFBC}") = "SuperHeroes", "SuperHeroes.csproj", "{1D2EF75F-7DBE-46E4-A739-F14D1210B764}"
EndProject
Global
	GlobalSection(SolutionConfigurationPlatforms) = preSolution
		Debug|Any CPU = Debug|Any CPU
		Release|Any CPU = Release|Any CPU
	EndGlobalSection
	GlobalSection(ProjectConfigurationPlatforms) = postSolution
		{1D2EF75F-7DBE-46E4-A739-F14D1210B764}.Debug|Any CPU.ActiveCfg = Debug|Any CPU
		{1D2EF75F-7DBE-46E4-A739-F14D1210B764}.Debug|Any CPU.Build.0 = Debug|Any CPU
		{1D2EF75F-7DBE-46E4-A739-F14D1210B764}.Release|Any CPU.ActiveCfg = Release|Any CPU
		{1D2EF75F-7DBE-46E4-A739-F14D1210B764}.Release|Any CPU.Build.0 = Release|Any CPU
	EndGlobalSection
	GlobalSection(SolutionProperties) = preSolution
		HideSolutionNode = FALSE
	EndGlobalSection
	GlobalSection(ExtensibilityGlobals) = postSolution
		SolutionGuid = {47066C3A-8D93-46CF-B97B-704B1D551894}
	EndGlobalSection
EndGlobal
